
Microsoft Visual Studio Solution File, Format Version 12.00
# Visual Studio 15
VisualStudioVersion = 15.0.26430.4
MinimumVisualStudioVersion = 10.0.40219.1
Project("{FAE04EC0-301F-11D3-BF4B-00C04F79EFBC}") = "Sitecore.XA.Feature.SimpleComponentVariants", "Sitecore.XA.Feature.SimpleComponentVariants\Sitecore.XA.Feature.SimpleComponentVariants.csproj", "{DA05DE98-F7C5-4D5E-85CD-703BD506F6D7}"
EndProject
Project("{FAE04EC0-301F-11D3-BF4B-00C04F79EFBC}") = "Sitecore.XA.Feature.SimpleComponent", "Sitecore.XA.Feature.SimpleComponent\Sitecore.XA.Feature.SimpleComponent.csproj", "{792A497E-88DD-420C-AA60-060D5E394E2C}"
EndProject
Global
	GlobalSection(SolutionConfigurationPlatforms) = preSolution
		Debug|Any CPU = Debug|Any CPU
		Release|Any CPU = Release|Any CPU
	EndGlobalSection
	GlobalSection(ProjectConfigurationPlatforms) = postSolution
		{DA05DE98-F7C5-4D5E-85CD-703BD506F6D7}.Debug|Any CPU.ActiveCfg = Debug|Any CPU
		{DA05DE98-F7C5-4D5E-85CD-703BD506F6D7}.Debug|Any CPU.Build.0 = Debug|Any CPU
		{DA05DE98-F7C5-4D5E-85CD-703BD506F6D7}.Release|Any CPU.ActiveCfg = Release|Any CPU
		{DA05DE98-F7C5-4D5E-85CD-703BD506F6D7}.Release|Any CPU.Build.0 = Release|Any CPU
		{792A497E-88DD-420C-AA60-060D5E394E2C}.Debug|Any CPU.ActiveCfg = Debug|Any CPU
		{792A497E-88DD-420C-AA60-060D5E394E2C}.Debug|Any CPU.Build.0 = Debug|Any CPU
		{792A497E-88DD-420C-AA60-060D5E394E2C}.Release|Any CPU.ActiveCfg = Release|Any CPU
		{792A497E-88DD-420C-AA60-060D5E394E2C}.Release|Any CPU.Build.0 = Release|Any CPU
	EndGlobalSection
	GlobalSection(SolutionProperties) = preSolution
		HideSolutionNode = FALSE
	EndGlobalSection
EndGlobal
